// !$*UTF8*$!
{
	archiveVersion = 1;
	classes = {
	};
	objectVersion = 46;
	objects = {

/* Begin PBXBuildFile section */
		387F29E01B4D15F100DE71B8 /* main.m in Sources */ = {isa = PBXBuildFile; fileRef = 387F29DF1B4D15F100DE71B8 /* main.m */; };
		387F29E31B4D15F100DE71B8 /* AppDelegate.m in Sources */ = {isa = PBXBuildFile; fileRef = 387F29E21B4D15F100DE71B8 /* AppDelegate.m */; };
		387F29E61B4D15F100DE71B8 /* ViewController.m in Sources */ = {isa = PBXBuildFile; fileRef = 387F29E51B4D15F100DE71B8 /* ViewController.m */; };
		387F29E91B4D15F100DE71B8 /* Main.storyboard in Resources */ = {isa = PBXBuildFile; fileRef = 387F29E71B4D15F100DE71B8 /* Main.storyboard */; };
		387F29EB1B4D15F100DE71B8 /* Images.xcassets in Resources */ = {isa = PBXBuildFile; fileRef = 387F29EA1B4D15F100DE71B8 /* Images.xcassets */; };
		387F29EE1B4D15F100DE71B8 /* LaunchScreen.xib in Resources */ = {isa = PBXBuildFile; fileRef = 387F29EC1B4D15F100DE71B8 /* LaunchScreen.xib */; };
		387F29FA1B4D15F100DE71B8 /* LocationTracker_TestTests.m in Sources */ = {isa = PBXBuildFile; fileRef = 387F29F91B4D15F100DE71B8 /* LocationTracker_TestTests.m */; };
		387F2A041B4D16A900DE71B8 /* .gitignore in Resources */ = {isa = PBXBuildFile; fileRef = 387F2A031B4D16A900DE71B8 /* .gitignore */; };
		387F2A071B4D225600DE71B8 /* CoreLocation.framework in Frameworks */ = {isa = PBXBuildFile; fileRef = 387F2A061B4D225600DE71B8 /* CoreLocation.framework */; };
/* End PBXBuildFile section */

/* Begin PBXContainerItemProxy section */
		387F29F41B4D15F100DE71B8 /* PBXContainerItemProxy */ = {
			isa = PBXContainerItemProxy;
			containerPortal = 387F29D21B4D15F100DE71B8 /* Project object */;
			proxyType = 1;
			remoteGlobalIDString = 387F29D91B4D15F100DE71B8;
			remoteInfo = LocationTracker_Test;
		};
/* End PBXContainerItemProxy section */

/* Begin PBXFileReference section */
		387F29DA1B4D15F100DE71B8 /* LocationTracker_Test.app */ = {isa = PBXFileReference; explicitFileType = wrapper.application; includeInIndex = 0; path = LocationTracker_Test.app; sourceTree = BUILT_PRODUCTS_DIR; };
		387F29DE1B4D15F100DE71B8 /* Info.plist */ = {isa = PBXFileReference; lastKnownFileType = text.plist.xml; path = Info.plist; sourceTree = "<group>"; };
		387F29DF1B4D15F100DE71B8 /* main.m */ = {isa = PBXFileReference; lastKnownFileType = sourcecode.c.objc; path = main.m; sourceTree = "<group>"; };
		387F29E11B4D15F100DE71B8 /* AppDelegate.h */ = {isa = PBXFileReference; lastKnownFileType = sourcecode.c.h; path = AppDelegate.h; sourceTree = "<group>"; };
		387F29E21B4D15F100DE71B8 /* AppDelegate.m */ = {isa = PBXFileReference; lastKnownFileType = sourcecode.c.objc; path = AppDelegate.m; sourceTree = "<group>"; };
		387F29E41B4D15F100DE71B8 /* ViewController.h */ = {isa = PBXFileReference; lastKnownFileType = sourcecode.c.h; path = ViewController.h; sourceTree = "<group>"; };
		387F29E51B4D15F100DE71B8 /* ViewController.m */ = {isa = PBXFileReference; lastKnownFileType = sourcecode.c.objc; path = ViewController.m; sourceTree = "<group>"; };
		387F29E81B4D15F100DE71B8 /* Base */ = {isa = PBXFileReference; lastKnownFileType = file.storyboard; name = Base; path = Base.lproj/Main.storyboard; sourceTree = "<group>"; };
		387F29EA1B4D15F100DE71B8 /* Images.xcassets */ = {isa = PBXFileReference; lastKnownFileType = folder.assetcatalog; path = Images.xcassets; sourceTree = "<group>"; };
		387F29ED1B4D15F100DE71B8 /* Base */ = {isa = PBXFileReference; lastKnownFileType = file.xib; name = Base; path = Base.lproj/LaunchScreen.xib; sourceTree = "<group>"; };
		387F29F31B4D15F100DE71B8 /* LocationTracker_TestTests.xctest */ = {isa = PBXFileReference; explicitFileType = wrapper.cfbundle; includeInIndex = 0; path = LocationTracker_TestTests.xctest; sourceTree = BUILT_PRODUCTS_DIR; };
		387F29F81B4D15F100DE71B8 /* Info.plist */ = {isa = PBXFileReference; lastKnownFileType = text.plist.xml; path = Info.plist; sourceTree = "<group>"; };
		387F29F91B4D15F100DE71B8 /* LocationTracker_TestTests.m */ = {isa = PBXFileReference; lastKnownFileType = sourcecode.c.objc; path = LocationTracker_TestTests.m; sourceTree = "<group>"; };
		387F2A031B4D16A900DE71B8 /* .gitignore */ = {isa = PBXFileReference; fileEncoding = 4; lastKnownFileType = text; path = .gitignore; sourceTree = "<group>"; };
		387F2A061B4D225600DE71B8 /* CoreLocation.framework */ = {isa = PBXFileReference; lastKnownFileType = wrapper.framework; name = CoreLocation.framework; path = System/Library/Frameworks/CoreLocation.framework; sourceTree = SDKROOT; };
/* End PBXFileReference section */

/* Begin PBXFrameworksBuildPhase section */
		387F29D71B4D15F100DE71B8 /* Frameworks */ = {
			isa = PBXFrameworksBuildPhase;
			buildActionMask = 2147483647;
			files = (
				387F2A071B4D225600DE71B8 /* CoreLocation.framework in Frameworks */,
			);
			runOnlyForDeploymentPostprocessing = 0;
		};
		387F29F01B4D15F100DE71B8 /* Frameworks */ = {
			isa = PBXFrameworksBuildPhase;
			buildActionMask = 2147483647;
			files = (
			);
			runOnlyForDeploymentPostprocessing = 0;
		};
/* End PBXFrameworksBuildPhase section */

/* Begin PBXGroup section */
		387F29D11B4D15F100DE71B8 = {
			isa = PBXGroup;
			children = (
				387F29DC1B4D15F100DE71B8 /* LocationTracker_Test */,
				387F2A031B4D16A900DE71B8 /* .gitignore */,
				387F29F61B4D15F100DE71B8 /* LocationTracker_TestTests */,
				387F2A051B4D223500DE71B8 /* Frameworks */,
				387F29DB1B4D15F100DE71B8 /* Products */,
			);
			sourceTree = "<group>";
		};
		387F29DB1B4D15F100DE71B8 /* Products */ = {
			isa = PBXGroup;
			children = (
				387F29DA1B4D15F100DE71B8 /* LocationTracker_Test.app */,
				387F29F31B4D15F100DE71B8 /* LocationTracker_TestTests.xctest */,
			);
			name = Products;
			sourceTree = "<group>";
		};
		387F29DC1B4D15F100DE71B8 /* LocationTracker_Test */ = {
			isa = PBXGroup;
			children = (
				387F29E11B4D15F100DE71B8 /* AppDelegate.h */,
				387F29E21B4D15F100DE71B8 /* AppDelegate.m */,
				387F29E41B4D15F100DE71B8 /* ViewController.h */,
				387F29E51B4D15F100DE71B8 /* ViewController.m */,
				387F29E71B4D15F100DE71B8 /* Main.storyboard */,
				387F29EA1B4D15F100DE71B8 /* Images.xcassets */,
				387F29EC1B4D15F100DE71B8 /* LaunchScreen.xib */,
				387F29DD1B4D15F100DE71B8 /* Supporting Files */,
			);
			path = LocationTracker_Test;
			sourceTree = "<group>";
		};
		387F29DD1B4D15F100DE71B8 /* Supporting Files */ = {
			isa = PBXGroup;
			children = (
				387F29DE1B4D15F100DE71B8 /* Info.plist */,
				387F29DF1B4D15F100DE71B8 /* main.m */,
			);
			name = "Supporting Files";
			sourceTree = "<group>";
		};
		387F29F61B4D15F100DE71B8 /* LocationTracker_TestTests */ = {
			isa = PBXGroup;
			children = (
				387F29F91B4D15F100DE71B8 /* LocationTracker_TestTests.m */,
				387F29F71B4D15F100DE71B8 /* Supporting Files */,
			);
			path = LocationTracker_TestTests;
			sourceTree = "<group>";
		};
		387F29F71B4D15F100DE71B8 /* Supporting Files */ = {
			isa = PBXGroup;
			children = (
				387F29F81B4D15F100DE71B8 /* Info.plist */,
			);
			name = "Supporting Files";
			sourceTree = "<group>";
		};
		387F2A051B4D223500DE71B8 /* Frameworks */ = {
			isa = PBXGroup;
			children = (
				387F2A061B4D225600DE71B8 /* CoreLocation.framework */,
			);
			name = Frameworks;
			sourceTree = "<group>";
		};
/* End PBXGroup section */

/* Begin PBXNativeTarget section */
		387F29D91B4D15F100DE71B8 /* LocationTracker_Test */ = {
			isa = PBXNativeTarget;
			buildConfigurationList = 387F29FD1B4D15F100DE71B8 /* Build configuration list for PBXNativeTarget "LocationTracker_Test" */;
			buildPhases = (
				387F29D61B4D15F100DE71B8 /* Sources */,
				387F29D71B4D15F100DE71B8 /* Frameworks */,
				387F29D81B4D15F100DE71B8 /* Resources */,
			);
			buildRules = (
			);
			dependencies = (
			);
			name = LocationTracker_Test;
			productName = LocationTracker_Test;
			productReference = 387F29DA1B4D15F100DE71B8 /* LocationTracker_Test.app */;
			productType = "com.apple.product-type.application";
		};
		387F29F21B4D15F100DE71B8 /* LocationTracker_TestTests */ = {
			isa = PBXNativeTarget;
			buildConfigurationList = 387F2A001B4D15F100DE71B8 /* Build configuration list for PBXNativeTarget "LocationTracker_TestTests" */;
			buildPhases = (
				387F29EF1B4D15F100DE71B8 /* Sources */,
				387F29F01B4D15F100DE71B8 /* Frameworks */,
				387F29F11B4D15F100DE71B8 /* Resources */,
			);
			buildRules = (
			);
			dependencies = (
				387F29F51B4D15F100DE71B8 /* PBXTargetDependency */,
			);
			name = LocationTracker_TestTests;
			productName = LocationTracker_TestTests;
			productReference = 387F29F31B4D15F100DE71B8 /* LocationTracker_TestTests.xctest */;
			productType = "com.apple.product-type.bundle.unit-test";
		};
/* End PBXNativeTarget section */

/* Begin PBXProject section */
		387F29D21B4D15F100DE71B8 /* Project object */ = {
			isa = PBXProject;
			attributes = {
				LastUpgradeCheck = 0610;
				ORGANIZATIONNAME = Akash;
				TargetAttributes = {
					387F29D91B4D15F100DE71B8 = {
						CreatedOnToolsVersion = 6.1.1;
						SystemCapabilities = {
							com.apple.BackgroundModes = {
								enabled = 1;
							};
						};
					};
					387F29F21B4D15F100DE71B8 = {
						CreatedOnToolsVersion = 6.1.1;
						TestTargetID = 387F29D91B4D15F100DE71B8;
					};
				};
			};
			buildConfigurationList = 387F29D51B4D15F100DE71B8 /* Build configuration list for PBXProject "LocationTracker_Test" */;
			compatibilityVersion = "Xcode 3.2";
			developmentRegion = English;
			hasScannedForEncodings = 0;
			knownRegions = (
				en,
				Base,
			);
			mainGroup = 387F29D11B4D15F100DE71B8;
			productRefGroup = 387F29DB1B4D15F100DE71B8 /* Products */;
			projectDirPath = "";
			projectRoot = "";
			targets = (
				387F29D91B4D15F100DE71B8 /* LocationTracker_Test */,
				387F29F21B4D15F100DE71B8 /* LocationTracker_TestTests */,
			);
		};
/* End PBXProject section */

/* Begin PBXResourcesBuildPhase section */
		387F29D81B4D15F100DE71B8 /* Resources */ = {
			isa = PBXResourcesBuildPhase;
			buildActionMask = 2147483647;
			files = (
				387F2A041B4D16A900DE71B8 /* .gitignore in Resources */,
				387F29E91B4D15F100DE71B8 /* Main.storyboard in Resources */,
				387F29EE1B4D15F100DE71B8 /* LaunchScreen.xib in Resources */,
				387F29EB1B4D15F100DE71B8 /* Images.xcassets in Resources */,
			);
			runOnlyForDeploymentPostprocessing = 0;
		};
		387F29F11B4D15F100DE71B8 /* Resources */ = {
			isa = PBXResourcesBuildPhase;
			buildActionMask = 2147483647;
			files = (
			);
			runOnlyForDeploymentPostprocessing = 0;
		};
/* End PBXResourcesBuildPhase section */

/* Begin PBXSourcesBuildPhase section */
		387F29D61B4D15F100DE71B8 /* Sources */ = {
			isa = PBXSourcesBuildPhase;
			buildActionMask = 2147483647;
			files = (
				387F29E61B4D15F100DE71B8 /* ViewController.m in Sources */,
				387F29E31B4D15F100DE71B8 /* AppDelegate.m in Sources */,
				387F29E01B4D15F100DE71B8 /* main.m in Sources */,
			);
			runOnlyForDeploymentPostprocessing = 0;
		};
		387F29EF1B4D15F100DE71B8 /* Sources */ = {
			isa = PBXSourcesBuildPhase;
			buildActionMask = 2147483647;
			files = (
				387F29FA1B4D15F100DE71B8 /* LocationTracker_TestTests.m in Sources */,
			);
			runOnlyForDeploymentPostprocessing = 0;
		};
/* End PBXSourcesBuildPhase section */

/* Begin PBXTargetDependency section */
		387F29F51B4D15F100DE71B8 /* PBXTargetDependency */ = {
			isa = PBXTargetDependency;
			target = 387F29D91B4D15F100DE71B8 /* LocationTracker_Test */;
			targetProxy = 387F29F41B4D15F100DE71B8 /* PBXContainerItemProxy */;
		};
/* End PBXTargetDependency section */

/* Begin PBXVariantGroup section */
		387F29E71B4D15F100DE71B8 /* Main.storyboard */ = {
			isa = PBXVariantGroup;
			children = (
				387F29E81B4D15F100DE71B8 /* Base */,
			);
			name = Main.storyboard;
			sourceTree = "<group>";
		};
		387F29EC1B4D15F100DE71B8 /* LaunchScreen.xib */ = {
			isa = PBXVariantGroup;
			children = (
				387F29ED1B4D15F100DE71B8 /* Base */,
			);
			name = LaunchScreen.xib;
			sourceTree = "<group>";
		};
/* End PBXVariantGroup section */

/* Begin XCBuildConfiguration section */
		387F29FB1B4D15F100DE71B8 /* Debug */ = {
			isa = XCBuildConfiguration;
			buildSettings = {
				ALWAYS_SEARCH_USER_PATHS = NO;
				CLANG_CXX_LANGUAGE_STANDARD = "gnu++0x";
				CLANG_CXX_LIBRARY = "libc++";
				CLANG_ENABLE_MODULES = YES;
				CLANG_ENABLE_OBJC_ARC = YES;
				CLANG_WARN_BOOL_CONVERSION = YES;
				CLANG_WARN_CONSTANT_CONVERSION = YES;
				CLANG_WARN_DIRECT_OBJC_ISA_USAGE = YES_ERROR;
				CLANG_WARN_EMPTY_BODY = YES;
				CLANG_WARN_ENUM_CONVERSION = YES;
				CLANG_WARN_INT_CONVERSION = YES;
				CLANG_WARN_OBJC_ROOT_CLASS = YES_ERROR;
				CLANG_WARN_UNREACHABLE_CODE = YES;
				CLANG_WARN__DUPLICATE_METHOD_MATCH = YES;
				"CODE_SIGN_IDENTITY[sdk=iphoneos*]" = "iPhone Developer";
				COPY_PHASE_STRIP = NO;
				ENABLE_STRICT_OBJC_MSGSEND = YES;
				GCC_C_LANGUAGE_STANDARD = gnu99;
				GCC_DYNAMIC_NO_PIC = NO;
				GCC_OPTIMIZATION_LEVEL = 0;
				GCC_PREPROCESSOR_DEFINITIONS = (
					"DEBUG=1",
					"$(inherited)",
				);
				GCC_SYMBOLS_PRIVATE_EXTERN = NO;
				GCC_WARN_64_TO_32_BIT_CONVERSION = YES;
				GCC_WARN_ABOUT_RETURN_TYPE = YES_ERROR;
				GCC_WARN_UNDECLARED_SELECTOR = YES;
				GCC_WARN_UNINITIALIZED_AUTOS = YES_AGGRESSIVE;
				GCC_WARN_UNUSED_FUNCTION = YES;
				GCC_WARN_UNUSED_VARIABLE = YES;
				IPHONEOS_DEPLOYMENT_TARGET = 7.1;
				MTL_ENABLE_DEBUG_INFO = YES;
				ONLY_ACTIVE_ARCH = YES;
				SDKROOT = iphoneos;
			};
			name = Debug;
		};
		387F29FC1B4D15F100DE71B8 /* Release */ = {
			isa = XCBuildConfiguration;
			buildSettings = {
				ALWAYS_SEARCH_USER_PATHS = NO;
				CLANG_CXX_LANGUAGE_STANDARD = "gnu++0x";
				CLANG_CXX_LIBRARY = "libc++";
				CLANG_ENABLE_MODULES = YES;
				CLANG_ENABLE_OBJC_ARC = YES;
				CLANG_WARN_BOOL_CONVERSION = YES;
				CLANG_WARN_CONSTANT_CONVERSION = YES;
				CLANG_WARN_DIRECT_OBJC_ISA_USAGE = YES_ERROR;
				CLANG_WARN_EMPTY_BODY = YES;
				CLANG_WARN_ENUM_CONVERSION = YES;
				CLANG_WARN_INT_CONVERSION = YES;
				CLANG_WARN_OBJC_ROOT_CLASS = YES_ERROR;
				CLANG_WARN_UNREACHABLE_CODE = YES;
				CLANG_WARN__DUPLICATE_METHOD_MATCH = YES;
				"CODE_SIGN_IDENTITY[sdk=iphoneos*]" = "iPhone Developer";
				COPY_PHASE_STRIP = YES;
				ENABLE_NS_ASSERTIONS = NO;
				ENABLE_STRICT_OBJC_MSGSEND = YES;
				GCC_C_LANGUAGE_STANDARD = gnu99;
				GCC_WARN_64_TO_32_BIT_CONVERSION = YES;
				GCC_WARN_ABOUT_RETURN_TYPE = YES_ERROR;
				GCC_WARN_UNDECLARED_SELECTOR = YES;
				GCC_WARN_UNINITIALIZED_AUTOS = YES_AGGRESSIVE;
				GCC_WARN_UNUSED_FUNCTION = YES;
				GCC_WARN_UNUSED_VARIABLE = YES;
				IPHONEOS_DEPLOYMENT_TARGET = 7.1;
				MTL_ENABLE_DEBUG_INFO = NO;
				SDKROOT = iphoneos;
				VALIDATE_PRODUCT = YES;
			};
			name = Release;
		};
		387F29FE1B4D15F100DE71B8 /* Debug */ = {
			isa = XCBuildConfiguration;
			buildSettings = {
				ASSETCATALOG_COMPILER_APPICON_NAME = AppIcon;
				INFOPLIST_FILE = LocationTracker_Test/Info.plist;
				IPHONEOS_DEPLOYMENT_TARGET = 7.1;
				LD_RUNPATH_SEARCH_PATHS = "$(inherited) @executable_path/Frameworks";
				PRODUCT_NAME = "$(TARGET_NAME)";
			};
			name = Debug;
		};
		387F29FF1B4D15F100DE71B8 /* Release */ = {
			isa = XCBuildConfiguration;
			buildSettings = {
				ASSETCATALOG_COMPILER_APPICON_NAME = AppIcon;
				INFOPLIST_FILE = LocationTracker_Test/Info.plist;
				IPHONEOS_DEPLOYMENT_TARGET = 7.1;
				LD_RUNPATH_SEARCH_PATHS = "$(inherited) @executable_path/Frameworks";
				PRODUCT_NAME = "$(TARGET_NAME)";
			};
			name = Release;
		};
		387F2A011B4D15F100DE71B8 /* Debug */ = {
			isa = XCBuildConfiguration;
			buildSettings = {
				BUNDLE_LOADER = "$(TEST_HOST)";
				FRAMEWORK_SEARCH_PATHS = (
					"$(SDKROOT)/Developer/Library/Frameworks",
					"$(inherited)",
				);
				GCC_PREPROCESSOR_DEFINITIONS = (
					"DEBUG=1",
					"$(inherited)",
				);
				INFOPLIST_FILE = LocationTracker_TestTests/Info.plist;
				LD_RUNPATH_SEARCH_PATHS = "$(inherited) @executable_path/Frameworks @loader_path/Frameworks";
				PRODUCT_NAME = "$(TARGET_NAME)";
				TEST_HOST = "$(BUILT_PRODUCTS_DIR)/LocationTracker_Test.app/LocationTracker_Test";
			};
			name = Debug;
		};
		387F2A021B4D15F100DE71B8 /* Release */ = {
			isa = XCBuildConfiguration;
			buildSettings = {
				BUNDLE_LOADER = "$(TEST_HOST)";
				FRAMEWORK_SEARCH_PATHS = (
					"$(SDKROOT)/Developer/Library/Frameworks",
					"$(inherited)",
				);
				INFOPLIST_FILE = LocationTracker_TestTests/Info.plist;
				LD_RUNPATH_SEARCH_PATHS = "$(inherited) @executable_path/Frameworks @loader_path/Frameworks";
				PRODUCT_NAME = "$(TARGET_NAME)";
				TEST_HOST = "$(BUILT_PRODUCTS_DIR)/LocationTracker_Test.app/LocationTracker_Test";
			};
			name = Release;
		};
/* End XCBuildConfiguration section */

/* Begin XCConfigurationList section */
		387F29D51B4D15F100DE71B8 /* Build configuration list for PBXProject "LocationTracker_Test" */ = {
			isa = XCConfigurationList;
			buildConfigurations = (
				387F29FB1B4D15F100DE71B8 /* Debug */,
				387F29FC1B4D15F100DE71B8 /* Release */,
			);
			defaultConfigurationIsVisible = 0;
			defaultConfigurationName = Release;
		};
		387F29FD1B4D15F100DE71B8 /* Build configuration list for PBXNativeTarget "LocationTracker_Test" */ = {
			isa = XCConfigurationList;
			buildConfigurations = (
				387F29FE1B4D15F100DE71B8 /* Debug */,
				387F29FF1B4D15F100DE71B8 /* Release */,
			);
			defaultConfigurationIsVisible = 0;
			defaultConfigurationName = Release;
		};
		387F2A001B4D15F100DE71B8 /* Build configuration list for PBXNativeTarget "LocationTracker_TestTests" */ = {
			isa = XCConfigurationList;
			buildConfigurations = (
				387F2A011B4D15F100DE71B8 /* Debug */,
				387F2A021B4D15F100DE71B8 /* Release */,
			);
			defaultConfigurationIsVisible = 0;
			defaultConfigurationName = Release;
		};
/* End XCConfigurationList section */
	};
	rootObject = 387F29D21B4D15F100DE71B8 /* Project object */;
}
