// !$*UTF8*$!
{
	archiveVersion = 1;
	classes = {
	};
	objectVersion = 46;
	objects = {

/* Begin PBXBuildFile section */
		06FAF4C891E22B77F52418CC /* libPods.a in Frameworks */ = {isa = PBXBuildFile; fileRef = AEFEE94C60503BA6677F0AB7 /* libPods.a */; };
		3865AC571B4FDBC400752A43 /* Regions.geojson in Resources */ = {isa = PBXBuildFile; fileRef = 3865AC561B4FDBC400752A43 /* Regions.geojson */; };
		3865AC591B503C9600752A43 /* MapKit.framework in Frameworks */ = {isa = PBXBuildFile; fileRef = 3865AC581B503C9600752A43 /* MapKit.framework */; };
		387F29E01B4D15F100DE71B8 /* main.m in Sources */ = {isa = PBXBuildFile; fileRef = 387F29DF1B4D15F100DE71B8 /* main.m */; };
		387F29E31B4D15F100DE71B8 /* AppDelegate.m in Sources */ = {isa = PBXBuildFile; fileRef = 387F29E21B4D15F100DE71B8 /* AppDelegate.m */; };
		387F29E61B4D15F100DE71B8 /* ViewController.m in Sources */ = {isa = PBXBuildFile; fileRef = 387F29E51B4D15F100DE71B8 /* ViewController.m */; };
		387F29E91B4D15F100DE71B8 /* Main.storyboard in Resources */ = {isa = PBXBuildFile; fileRef = 387F29E71B4D15F100DE71B8 /* Main.storyboard */; };
		387F29EB1B4D15F100DE71B8 /* Images.xcassets in Resources */ = {isa = PBXBuildFile; fileRef = 387F29EA1B4D15F100DE71B8 /* Images.xcassets */; };
		387F29EE1B4D15F100DE71B8 /* LaunchScreen.xib in Resources */ = {isa = PBXBuildFile; fileRef = 387F29EC1B4D15F100DE71B8 /* LaunchScreen.xib */; };
		387F29FA1B4D15F100DE71B8 /* LocationTracker_TestTests.m in Sources */ = {isa = PBXBuildFile; fileRef = 387F29F91B4D15F100DE71B8 /* LocationTracker_TestTests.m */; };
		387F2A041B4D16A900DE71B8 /* .gitignore in Resources */ = {isa = PBXBuildFile; fileRef = 387F2A031B4D16A900DE71B8 /* .gitignore */; };
		387F2A071B4D225600DE71B8 /* CoreLocation.framework in Frameworks */ = {isa = PBXBuildFile; fileRef = 387F2A061B4D225600DE71B8 /* CoreLocation.framework */; };
		38B120A61B4E6EE300BA2198 /* Constant.m in Sources */ = {isa = PBXBuildFile; fileRef = 38B120A51B4E6EE300BA2198 /* Constant.m */; };
		38B120AB1B4E716A00BA2198 /* WebServiceManager.m in Sources */ = {isa = PBXBuildFile; fileRef = 38B120AA1B4E716A00BA2198 /* WebServiceManager.m */; };
		38B120AE1B4E99A600BA2198 /* LocationTracker.m in Sources */ = {isa = PBXBuildFile; fileRef = 38B120AD1B4E99A600BA2198 /* LocationTracker.m */; };
		38B120B41B4ED2EA00BA2198 /* Location.m in Sources */ = {isa = PBXBuildFile; fileRef = 38B120B31B4ED2EA00BA2198 /* Location.m */; };
/* End PBXBuildFile section */

/* Begin PBXContainerItemProxy section */
		387F29F41B4D15F100DE71B8 /* PBXContainerItemProxy */ = {
			isa = PBXContainerItemProxy;
			containerPortal = 387F29D21B4D15F100DE71B8 /* Project object */;
			proxyType = 1;
			remoteGlobalIDString = 387F29D91B4D15F100DE71B8;
			remoteInfo = LocationTracker_Test;
		};
/* End PBXContainerItemProxy section */

/* Begin PBXFileReference section */
		18D705F2455F5248478F98A6 /* Pods.debug.xcconfig */ = {isa = PBXFileReference; includeInIndex = 1; lastKnownFileType = text.xcconfig; name = Pods.debug.xcconfig; path = "Pods/Target Support Files/Pods/Pods.debug.xcconfig"; sourceTree = "<group>"; };
		3865AC561B4FDBC400752A43 /* Regions.geojson */ = {isa = PBXFileReference; fileEncoding = 4; lastKnownFileType = text; path = Regions.geojson; sourceTree = "<group>"; };
		3865AC581B503C9600752A43 /* MapKit.framework */ = {isa = PBXFileReference; lastKnownFileType = wrapper.framework; name = MapKit.framework; path = System/Library/Frameworks/MapKit.framework; sourceTree = SDKROOT; };
		387F29DA1B4D15F100DE71B8 /* LocationTracker_Test.app */ = {isa = PBXFileReference; explicitFileType = wrapper.application; includeInIndex = 0; path = LocationTracker_Test.app; sourceTree = BUILT_PRODUCTS_DIR; };
		387F29DE1B4D15F100DE71B8 /* Info.plist */ = {isa = PBXFileReference; lastKnownFileType = text.plist.xml; path = Info.plist; sourceTree = "<group>"; };
		387F29DF1B4D15F100DE71B8 /* main.m */ = {isa = PBXFileReference; lastKnownFileType = sourcecode.c.objc; path = main.m; sourceTree = "<group>"; };
		387F29E11B4D15F100DE71B8 /* AppDelegate.h */ = {isa = PBXFileReference; lastKnownFileType = sourcecode.c.h; path = AppDelegate.h; sourceTree = "<group>"; };
		387F29E21B4D15F100DE71B8 /* AppDelegate.m */ = {isa = PBXFileReference; lastKnownFileType = sourcecode.c.objc; path = AppDelegate.m; sourceTree = "<group>"; };
		387F29E41B4D15F100DE71B8 /* ViewController.h */ = {isa = PBXFileReference; lastKnownFileType = sourcecode.c.h; path = ViewController.h; sourceTree = "<group>"; };
		387F29E51B4D15F100DE71B8 /* ViewController.m */ = {isa = PBXFileReference; lastKnownFileType = sourcecode.c.objc; path = ViewController.m; sourceTree = "<group>"; };
		387F29E81B4D15F100DE71B8 /* Base */ = {isa = PBXFileReference; lastKnownFileType = file.storyboard; name = Base; path = Base.lproj/Main.storyboard; sourceTree = "<group>"; };
		387F29EA1B4D15F100DE71B8 /* Images.xcassets */ = {isa = PBXFileReference; lastKnownFileType = folder.assetcatalog; path = Images.xcassets; sourceTree = "<group>"; };
		387F29ED1B4D15F100DE71B8 /* Base */ = {isa = PBXFileReference; lastKnownFileType = file.xib; name = Base; path = Base.lproj/LaunchScreen.xib; sourceTree = "<group>"; };
		387F29F31B4D15F100DE71B8 /* LocationTracker_TestTests.xctest */ = {isa = PBXFileReference; explicitFileType = wrapper.cfbundle; includeInIndex = 0; path = LocationTracker_TestTests.xctest; sourceTree = BUILT_PRODUCTS_DIR; };
		387F29F81B4D15F100DE71B8 /* Info.plist */ = {isa = PBXFileReference; lastKnownFileType = text.plist.xml; path = Info.plist; sourceTree = "<group>"; };
		387F29F91B4D15F100DE71B8 /* LocationTracker_TestTests.m */ = {isa = PBXFileReference; lastKnownFileType = sourcecode.c.objc; path = LocationTracker_TestTests.m; sourceTree = "<group>"; };
		387F2A031B4D16A900DE71B8 /* .gitignore */ = {isa = PBXFileReference; fileEncoding = 4; lastKnownFileType = text; path = .gitignore; sourceTree = "<group>"; };
		387F2A061B4D225600DE71B8 /* CoreLocation.framework */ = {isa = PBXFileReference; lastKnownFileType = wrapper.framework; name = CoreLocation.framework; path = System/Library/Frameworks/CoreLocation.framework; sourceTree = SDKROOT; };
		38B120A41B4E6EE300BA2198 /* Constant.h */ = {isa = PBXFileReference; fileEncoding = 4; lastKnownFileType = sourcecode.c.h; path = Constant.h; sourceTree = "<group>"; };
		38B120A51B4E6EE300BA2198 /* Constant.m */ = {isa = PBXFileReference; fileEncoding = 4; lastKnownFileType = sourcecode.c.objc; path = Constant.m; sourceTree = "<group>"; };
		38B120A71B4E6FCF00BA2198 /* PrefixHeader.pch */ = {isa = PBXFileReference; fileEncoding = 4; lastKnownFileType = sourcecode.c.h; path = PrefixHeader.pch; sourceTree = "<group>"; };
		38B120A91B4E716A00BA2198 /* WebServiceManager.h */ = {isa = PBXFileReference; fileEncoding = 4; lastKnownFileType = sourcecode.c.h; path = WebServiceManager.h; sourceTree = "<group>"; };
		38B120AA1B4E716A00BA2198 /* WebServiceManager.m */ = {isa = PBXFileReference; fileEncoding = 4; lastKnownFileType = sourcecode.c.objc; path = WebServiceManager.m; sourceTree = "<group>"; };
		38B120AC1B4E99A600BA2198 /* LocationTracker.h */ = {isa = PBXFileReference; fileEncoding = 4; lastKnownFileType = sourcecode.c.h; path = LocationTracker.h; sourceTree = "<group>"; };
		38B120AD1B4E99A600BA2198 /* LocationTracker.m */ = {isa = PBXFileReference; fileEncoding = 4; lastKnownFileType = sourcecode.c.objc; path = LocationTracker.m; sourceTree = "<group>"; };
		38B120B21B4ED2EA00BA2198 /* Location.h */ = {isa = PBXFileReference; fileEncoding = 4; lastKnownFileType = sourcecode.c.h; path = Location.h; sourceTree = "<group>"; };
		38B120B31B4ED2EA00BA2198 /* Location.m */ = {isa = PBXFileReference; fileEncoding = 4; lastKnownFileType = sourcecode.c.objc; path = Location.m; sourceTree = "<group>"; };
		85DE5477D281718AED78AAE8 /* Pods.release.xcconfig */ = {isa = PBXFileReference; includeInIndex = 1; lastKnownFileType = text.xcconfig; name = Pods.release.xcconfig; path = "Pods/Target Support Files/Pods/Pods.release.xcconfig"; sourceTree = "<group>"; };
		AEFEE94C60503BA6677F0AB7 /* libPods.a */ = {isa = PBXFileReference; explicitFileType = archive.ar; includeInIndex = 0; path = libPods.a; sourceTree = BUILT_PRODUCTS_DIR; };
/* End PBXFileReference section */

/* Begin PBXFrameworksBuildPhase section */
		387F29D71B4D15F100DE71B8 /* Frameworks */ = {
			isa = PBXFrameworksBuildPhase;
			buildActionMask = 2147483647;
			files = (
				3865AC591B503C9600752A43 /* MapKit.framework in Frameworks */,
				387F2A071B4D225600DE71B8 /* CoreLocation.framework in Frameworks */,
				06FAF4C891E22B77F52418CC /* libPods.a in Frameworks */,
			);
			runOnlyForDeploymentPostprocessing = 0;
		};
		387F29F01B4D15F100DE71B8 /* Frameworks */ = {
			isa = PBXFrameworksBuildPhase;
			buildActionMask = 2147483647;
			files = (
			);
			runOnlyForDeploymentPostprocessing = 0;
		};
/* End PBXFrameworksBuildPhase section */

/* Begin PBXGroup section */
		3865AC551B4FDB7B00752A43 /* Resources */ = {
			isa = PBXGroup;
			children = (
				3865AC561B4FDBC400752A43 /* Regions.geojson */,
			);
			name = Resources;
			sourceTree = "<group>";
		};
		387F29D11B4D15F100DE71B8 = {
			isa = PBXGroup;
			children = (
				387F29DC1B4D15F100DE71B8 /* LocationTracker_Test */,
				387F2A031B4D16A900DE71B8 /* .gitignore */,
				387F29F61B4D15F100DE71B8 /* LocationTracker_TestTests */,
				387F2A051B4D223500DE71B8 /* Frameworks */,
				387F29DB1B4D15F100DE71B8 /* Products */,
				D822FA6A8D396245AB74DEED /* Pods */,
			);
			sourceTree = "<group>";
		};
		387F29DB1B4D15F100DE71B8 /* Products */ = {
			isa = PBXGroup;
			children = (
				387F29DA1B4D15F100DE71B8 /* LocationTracker_Test.app */,
				387F29F31B4D15F100DE71B8 /* LocationTracker_TestTests.xctest */,
			);
			name = Products;
			sourceTree = "<group>";
		};
		387F29DC1B4D15F100DE71B8 /* LocationTracker_Test */ = {
			isa = PBXGroup;
			children = (
				38B120B11B4EA48D00BA2198 /* AppDelegate */,
				38B120A21B4E6EBC00BA2198 /* Models */,
				38B120B01B4EA46700BA2198 /* Views */,
				38B120AF1B4EA42D00BA2198 /* Controllers */,
				38B120A81B4E715500BA2198 /* Services */,
				387F29DD1B4D15F100DE71B8 /* Supporting Files */,
				3865AC551B4FDB7B00752A43 /* Resources */,
			);
			path = LocationTracker_Test;
			sourceTree = "<group>";
		};
		387F29DD1B4D15F100DE71B8 /* Supporting Files */ = {
			isa = PBXGroup;
			children = (
				387F29DE1B4D15F100DE71B8 /* Info.plist */,
				387F29DF1B4D15F100DE71B8 /* main.m */,
				38B120A71B4E6FCF00BA2198 /* PrefixHeader.pch */,
			);
			name = "Supporting Files";
			sourceTree = "<group>";
		};
		387F29F61B4D15F100DE71B8 /* LocationTracker_TestTests */ = {
			isa = PBXGroup;
			children = (
				387F29F91B4D15F100DE71B8 /* LocationTracker_TestTests.m */,
				387F29F71B4D15F100DE71B8 /* Supporting Files */,
			);
			path = LocationTracker_TestTests;
			sourceTree = "<group>";
		};
		387F29F71B4D15F100DE71B8 /* Supporting Files */ = {
			isa = PBXGroup;
			children = (
				387F29F81B4D15F100DE71B8 /* Info.plist */,
			);
			name = "Supporting Files";
			sourceTree = "<group>";
		};
		387F2A051B4D223500DE71B8 /* Frameworks */ = {
			isa = PBXGroup;
			children = (
				3865AC581B503C9600752A43 /* MapKit.framework */,
				387F2A061B4D225600DE71B8 /* CoreLocation.framework */,
				AEFEE94C60503BA6677F0AB7 /* libPods.a */,
			);
			name = Frameworks;
			sourceTree = "<group>";
		};
		38B120A21B4E6EBC00BA2198 /* Models */ = {
			isa = PBXGroup;
			children = (
				38B120A31B4E6EC400BA2198 /* Value Objects */,
			);
			name = Models;
			sourceTree = "<group>";
		};
		38B120A31B4E6EC400BA2198 /* Value Objects */ = {
			isa = PBXGroup;
			children = (
				38B120A41B4E6EE300BA2198 /* Constant.h */,
				38B120A51B4E6EE300BA2198 /* Constant.m */,
				38B120B21B4ED2EA00BA2198 /* Location.h */,
				38B120B31B4ED2EA00BA2198 /* Location.m */,
			);
			name = "Value Objects";
			sourceTree = "<group>";
		};
		38B120A81B4E715500BA2198 /* Services */ = {
			isa = PBXGroup;
			children = (
				38B120A91B4E716A00BA2198 /* WebServiceManager.h */,
				38B120AA1B4E716A00BA2198 /* WebServiceManager.m */,
				38B120AC1B4E99A600BA2198 /* LocationTracker.h */,
				38B120AD1B4E99A600BA2198 /* LocationTracker.m */,
			);
			name = Services;
			sourceTree = "<group>";
		};
		38B120AF1B4EA42D00BA2198 /* Controllers */ = {
			isa = PBXGroup;
			children = (
				387F29E41B4D15F100DE71B8 /* ViewController.h */,
				387F29E51B4D15F100DE71B8 /* ViewController.m */,
			);
			name = Controllers;
			sourceTree = "<group>";
		};
		38B120B01B4EA46700BA2198 /* Views */ = {
			isa = PBXGroup;
			children = (
				387F29E71B4D15F100DE71B8 /* Main.storyboard */,
				387F29EA1B4D15F100DE71B8 /* Images.xcassets */,
				387F29EC1B4D15F100DE71B8 /* LaunchScreen.xib */,
			);
			name = Views;
			sourceTree = "<group>";
		};
		38B120B11B4EA48D00BA2198 /* AppDelegate */ = {
			isa = PBXGroup;
			children = (
				387F29E11B4D15F100DE71B8 /* AppDelegate.h */,
				387F29E21B4D15F100DE71B8 /* AppDelegate.m */,
			);
			name = AppDelegate;
			sourceTree = "<group>";
		};
		D822FA6A8D396245AB74DEED /* Pods */ = {
			isa = PBXGroup;
			children = (
				18D705F2455F5248478F98A6 /* Pods.debug.xcconfig */,
				85DE5477D281718AED78AAE8 /* Pods.release.xcconfig */,
			);
			name = Pods;
			sourceTree = "<group>";
		};
/* End PBXGroup section */

/* Begin PBXNativeTarget section */
		387F29D91B4D15F100DE71B8 /* LocationTracker_Test */ = {
			isa = PBXNativeTarget;
			buildConfigurationList = 387F29FD1B4D15F100DE71B8 /* Build configuration list for PBXNativeTarget "LocationTracker_Test" */;
			buildPhases = (
				F8C6579623727DD3E6EC0403 /* Check Pods Manifest.lock */,
				387F29D61B4D15F100DE71B8 /* Sources */,
				387F29D71B4D15F100DE71B8 /* Frameworks */,
				387F29D81B4D15F100DE71B8 /* Resources */,
				C42BD2A3233FC9FDB600B1BA /* Copy Pods Resources */,
			);
			buildRules = (
			);
			dependencies = (
			);
			name = LocationTracker_Test;
			productName = LocationTracker_Test;
			productReference = 387F29DA1B4D15F100DE71B8 /* LocationTracker_Test.app */;
			productType = "com.apple.product-type.application";
		};
		387F29F21B4D15F100DE71B8 /* LocationTracker_TestTests */ = {
			isa = PBXNativeTarget;
			buildConfigurationList = 387F2A001B4D15F100DE71B8 /* Build configuration list for PBXNativeTarget "LocationTracker_TestTests" */;
			buildPhases = (
				387F29EF1B4D15F100DE71B8 /* Sources */,
				387F29F01B4D15F100DE71B8 /* Frameworks */,
				387F29F11B4D15F100DE71B8 /* Resources */,
			);
			buildRules = (
			);
			dependencies = (
				387F29F51B4D15F100DE71B8 /* PBXTargetDependency */,
			);
			name = LocationTracker_TestTests;
			productName = LocationTracker_TestTests;
			productReference = 387F29F31B4D15F100DE71B8 /* LocationTracker_TestTests.xctest */;
			productType = "com.apple.product-type.bundle.unit-test";
		};
/* End PBXNativeTarget section */

/* Begin PBXProject section */
		387F29D21B4D15F100DE71B8 /* Project object */ = {
			isa = PBXProject;
			attributes = {
				LastUpgradeCheck = 0610;
				ORGANIZATIONNAME = Akash;
				TargetAttributes = {
					387F29D91B4D15F100DE71B8 = {
						CreatedOnToolsVersion = 6.1.1;
						SystemCapabilities = {
							com.apple.BackgroundModes = {
								enabled = 1;
							};
						};
					};
					387F29F21B4D15F100DE71B8 = {
						CreatedOnToolsVersion = 6.1.1;
						TestTargetID = 387F29D91B4D15F100DE71B8;
					};
				};
			};
			buildConfigurationList = 387F29D51B4D15F100DE71B8 /* Build configuration list for PBXProject "LocationTracker_Test" */;
			compatibilityVersion = "Xcode 3.2";
			developmentRegion = English;
			hasScannedForEncodings = 0;
			knownRegions = (
				en,
				Base,
			);
			mainGroup = 387F29D11B4D15F100DE71B8;
			productRefGroup = 387F29DB1B4D15F100DE71B8 /* Products */;
			projectDirPath = "";
			projectRoot = "";
			targets = (
				387F29D91B4D15F100DE71B8 /* LocationTracker_Test */,
				387F29F21B4D15F100DE71B8 /* LocationTracker_TestTests */,
			);
		};
/* End PBXProject section */

/* Begin PBXResourcesBuildPhase section */
		387F29D81B4D15F100DE71B8 /* Resources */ = {
			isa = PBXResourcesBuildPhase;
			buildActionMask = 2147483647;
			files = (
				387F2A041B4D16A900DE71B8 /* .gitignore in Resources */,
				387F29E91B4D15F100DE71B8 /* Main.storyboard in Resources */,
				3865AC571B4FDBC400752A43 /* Regions.geojson in Resources */,
				387F29EE1B4D15F100DE71B8 /* LaunchScreen.xib in Resources */,
				387F29EB1B4D15F100DE71B8 /* Images.xcassets in Resources */,
			);
			runOnlyForDeploymentPostprocessing = 0;
		};
		387F29F11B4D15F100DE71B8 /* Resources */ = {
			isa = PBXResourcesBuildPhase;
			buildActionMask = 2147483647;
			files = (
			);
			runOnlyForDeploymentPostprocessing = 0;
		};
/* End PBXResourcesBuildPhase section */

/* Begin PBXShellScriptBuildPhase section */
		C42BD2A3233FC9FDB600B1BA /* Copy Pods Resources */ = {
			isa = PBXShellScriptBuildPhase;
			buildActionMask = 2147483647;
			files = (
			);
			inputPaths = (
			);
			name = "Copy Pods Resources";
			outputPaths = (
			);
			runOnlyForDeploymentPostprocessing = 0;
			shellPath = /bin/sh;
			shellScript = "\"${SRCROOT}/Pods/Target Support Files/Pods/Pods-resources.sh\"\n";
			showEnvVarsInLog = 0;
		};
		F8C6579623727DD3E6EC0403 /* Check Pods Manifest.lock */ = {
			isa = PBXShellScriptBuildPhase;
			buildActionMask = 2147483647;
			files = (
			);
			inputPaths = (
			);
			name = "Check Pods Manifest.lock";
			outputPaths = (
			);
			runOnlyForDeploymentPostprocessing = 0;
			shellPath = /bin/sh;
			shellScript = "diff \"${PODS_ROOT}/../Podfile.lock\" \"${PODS_ROOT}/Manifest.lock\" > /dev/null\nif [[ $? != 0 ]] ; then\n    cat << EOM\nerror: The sandbox is not in sync with the Podfile.lock. Run 'pod install' or update your CocoaPods installation.\nEOM\n    exit 1\nfi\n";
			showEnvVarsInLog = 0;
		};
/* End PBXShellScriptBuildPhase section */

/* Begin PBXSourcesBuildPhase section */
		387F29D61B4D15F100DE71B8 /* Sources */ = {
			isa = PBXSourcesBuildPhase;
			buildActionMask = 2147483647;
			files = (
				38B120AE1B4E99A600BA2198 /* LocationTracker.m in Sources */,
				38B120B41B4ED2EA00BA2198 /* Location.m in Sources */,
				38B120AB1B4E716A00BA2198 /* WebServiceManager.m in Sources */,
				387F29E61B4D15F100DE71B8 /* ViewController.m in Sources */,
				387F29E31B4D15F100DE71B8 /* AppDelegate.m in Sources */,
				387F29E01B4D15F100DE71B8 /* main.m in Sources */,
				38B120A61B4E6EE300BA2198 /* Constant.m in Sources */,
			);
			runOnlyForDeploymentPostprocessing = 0;
		};
		387F29EF1B4D15F100DE71B8 /* Sources */ = {
			isa = PBXSourcesBuildPhase;
			buildActionMask = 2147483647;
			files = (
				387F29FA1B4D15F100DE71B8 /* LocationTracker_TestTests.m in Sources */,
			);
			runOnlyForDeploymentPostprocessing = 0;
		};
/* End PBXSourcesBuildPhase section */

/* Begin PBXTargetDependency section */
		387F29F51B4D15F100DE71B8 /* PBXTargetDependency */ = {
			isa = PBXTargetDependency;
			target = 387F29D91B4D15F100DE71B8 /* LocationTracker_Test */;
			targetProxy = 387F29F41B4D15F100DE71B8 /* PBXContainerItemProxy */;
		};
/* End PBXTargetDependency section */

/* Begin PBXVariantGroup section */
		387F29E71B4D15F100DE71B8 /* Main.storyboard */ = {
			isa = PBXVariantGroup;
			children = (
				387F29E81B4D15F100DE71B8 /* Base */,
			);
			name = Main.storyboard;
			sourceTree = "<group>";
		};
		387F29EC1B4D15F100DE71B8 /* LaunchScreen.xib */ = {
			isa = PBXVariantGroup;
			children = (
				387F29ED1B4D15F100DE71B8 /* Base */,
			);
			name = LaunchScreen.xib;
			sourceTree = "<group>";
		};
/* End PBXVariantGroup section */

/* Begin XCBuildConfiguration section */
		387F29FB1B4D15F100DE71B8 /* Debug */ = {
			isa = XCBuildConfiguration;
			buildSettings = {
				ALWAYS_SEARCH_USER_PATHS = NO;
				CLANG_CXX_LANGUAGE_STANDARD = "gnu++0x";
				CLANG_CXX_LIBRARY = "libc++";
				CLANG_ENABLE_MODULES = YES;
				CLANG_ENABLE_OBJC_ARC = YES;
				CLANG_WARN_BOOL_CONVERSION = YES;
				CLANG_WARN_CONSTANT_CONVERSION = YES;
				CLANG_WARN_DIRECT_OBJC_ISA_USAGE = YES_ERROR;
				CLANG_WARN_EMPTY_BODY = YES;
				CLANG_WARN_ENUM_CONVERSION = YES;
				CLANG_WARN_INT_CONVERSION = YES;
				CLANG_WARN_OBJC_ROOT_CLASS = YES_ERROR;
				CLANG_WARN_UNREACHABLE_CODE = YES;
				CLANG_WARN__DUPLICATE_METHOD_MATCH = YES;
				"CODE_SIGN_IDENTITY[sdk=iphoneos*]" = "iPhone Developer";
				COPY_PHASE_STRIP = NO;
				ENABLE_STRICT_OBJC_MSGSEND = YES;
				GCC_C_LANGUAGE_STANDARD = gnu99;
				GCC_DYNAMIC_NO_PIC = NO;
				GCC_OPTIMIZATION_LEVEL = 0;
				GCC_PREPROCESSOR_DEFINITIONS = (
					"DEBUG=1",
					"$(inherited)",
				);
				GCC_SYMBOLS_PRIVATE_EXTERN = NO;
				GCC_WARN_64_TO_32_BIT_CONVERSION = YES;
				GCC_WARN_ABOUT_RETURN_TYPE = YES_ERROR;
				GCC_WARN_UNDECLARED_SELECTOR = YES;
				GCC_WARN_UNINITIALIZED_AUTOS = YES_AGGRESSIVE;
				GCC_WARN_UNUSED_FUNCTION = YES;
				GCC_WARN_UNUSED_VARIABLE = YES;
				IPHONEOS_DEPLOYMENT_TARGET = 7.1;
				MTL_ENABLE_DEBUG_INFO = YES;
				ONLY_ACTIVE_ARCH = YES;
				SDKROOT = iphoneos;
			};
			name = Debug;
		};
		387F29FC1B4D15F100DE71B8 /* Release */ = {
			isa = XCBuildConfiguration;
			buildSettings = {
				ALWAYS_SEARCH_USER_PATHS = NO;
				CLANG_CXX_LANGUAGE_STANDARD = "gnu++0x";
				CLANG_CXX_LIBRARY = "libc++";
				CLANG_ENABLE_MODULES = YES;
				CLANG_ENABLE_OBJC_ARC = YES;
				CLANG_WARN_BOOL_CONVERSION = YES;
				CLANG_WARN_CONSTANT_CONVERSION = YES;
				CLANG_WARN_DIRECT_OBJC_ISA_USAGE = YES_ERROR;
				CLANG_WARN_EMPTY_BODY = YES;
				CLANG_WARN_ENUM_CONVERSION = YES;
				CLANG_WARN_INT_CONVERSION = YES;
				CLANG_WARN_OBJC_ROOT_CLASS = YES_ERROR;
				CLANG_WARN_UNREACHABLE_CODE = YES;
				CLANG_WARN__DUPLICATE_METHOD_MATCH = YES;
				"CODE_SIGN_IDENTITY[sdk=iphoneos*]" = "iPhone Developer";
				COPY_PHASE_STRIP = YES;
				ENABLE_NS_ASSERTIONS = NO;
				ENABLE_STRICT_OBJC_MSGSEND = YES;
				GCC_C_LANGUAGE_STANDARD = gnu99;
				GCC_WARN_64_TO_32_BIT_CONVERSION = YES;
				GCC_WARN_ABOUT_RETURN_TYPE = YES_ERROR;
				GCC_WARN_UNDECLARED_SELECTOR = YES;
				GCC_WARN_UNINITIALIZED_AUTOS = YES_AGGRESSIVE;
				GCC_WARN_UNUSED_FUNCTION = YES;
				GCC_WARN_UNUSED_VARIABLE = YES;
				IPHONEOS_DEPLOYMENT_TARGET = 7.1;
				MTL_ENABLE_DEBUG_INFO = NO;
				SDKROOT = iphoneos;
				VALIDATE_PRODUCT = YES;
			};
			name = Release;
		};
		387F29FE1B4D15F100DE71B8 /* Debug */ = {
			isa = XCBuildConfiguration;
			baseConfigurationReference = 18D705F2455F5248478F98A6 /* Pods.debug.xcconfig */;
			buildSettings = {
				ASSETCATALOG_COMPILER_APPICON_NAME = AppIcon;
				GCC_PREFIX_HEADER = "$(PRODUCT_NAME)/PrefixHeader.pch";
				INFOPLIST_FILE = LocationTracker_Test/Info.plist;
				IPHONEOS_DEPLOYMENT_TARGET = 7.1;
				LD_RUNPATH_SEARCH_PATHS = "$(inherited) @executable_path/Frameworks";
				PRODUCT_NAME = "$(TARGET_NAME)";
			};
			name = Debug;
		};
		387F29FF1B4D15F100DE71B8 /* Release */ = {
			isa = XCBuildConfiguration;
			baseConfigurationReference = 85DE5477D281718AED78AAE8 /* Pods.release.xcconfig */;
			buildSettings = {
				ASSETCATALOG_COMPILER_APPICON_NAME = AppIcon;
				GCC_PREFIX_HEADER = "$(PRODUCT_NAME)/PrefixHeader.pch";
				INFOPLIST_FILE = LocationTracker_Test/Info.plist;
				IPHONEOS_DEPLOYMENT_TARGET = 7.1;
				LD_RUNPATH_SEARCH_PATHS = "$(inherited) @executable_path/Frameworks";
				PRODUCT_NAME = "$(TARGET_NAME)";
			};
			name = Release;
		};
		387F2A011B4D15F100DE71B8 /* Debug */ = {
			isa = XCBuildConfiguration;
			buildSettings = {
				BUNDLE_LOADER = "$(TEST_HOST)";
				FRAMEWORK_SEARCH_PATHS = (
					"$(SDKROOT)/Developer/Library/Frameworks",
					"$(inherited)",
				);
				GCC_PREPROCESSOR_DEFINITIONS = (
					"DEBUG=1",
					"$(inherited)",
				);
				INFOPLIST_FILE = LocationTracker_TestTests/Info.plist;
				LD_RUNPATH_SEARCH_PATHS = "$(inherited) @executable_path/Frameworks @loader_path/Frameworks";
				PRODUCT_NAME = "$(TARGET_NAME)";
				TEST_HOST = "$(BUILT_PRODUCTS_DIR)/LocationTracker_Test.app/LocationTracker_Test";
			};
			name = Debug;
		};
		387F2A021B4D15F100DE71B8 /* Release */ = {
			isa = XCBuildConfiguration;
			buildSettings = {
				BUNDLE_LOADER = "$(TEST_HOST)";
				FRAMEWORK_SEARCH_PATHS = (
					"$(SDKROOT)/Developer/Library/Frameworks",
					"$(inherited)",
				);
				INFOPLIST_FILE = LocationTracker_TestTests/Info.plist;
				LD_RUNPATH_SEARCH_PATHS = "$(inherited) @executable_path/Frameworks @loader_path/Frameworks";
				PRODUCT_NAME = "$(TARGET_NAME)";
				TEST_HOST = "$(BUILT_PRODUCTS_DIR)/LocationTracker_Test.app/LocationTracker_Test";
			};
			name = Release;
		};
/* End XCBuildConfiguration section */

/* Begin XCConfigurationList section */
		387F29D51B4D15F100DE71B8 /* Build configuration list for PBXProject "LocationTracker_Test" */ = {
			isa = XCConfigurationList;
			buildConfigurations = (
				387F29FB1B4D15F100DE71B8 /* Debug */,
				387F29FC1B4D15F100DE71B8 /* Release */,
			);
			defaultConfigurationIsVisible = 0;
			defaultConfigurationName = Release;
		};
		387F29FD1B4D15F100DE71B8 /* Build configuration list for PBXNativeTarget "LocationTracker_Test" */ = {
			isa = XCConfigurationList;
			buildConfigurations = (
				387F29FE1B4D15F100DE71B8 /* Debug */,
				387F29FF1B4D15F100DE71B8 /* Release */,
			);
			defaultConfigurationIsVisible = 0;
			defaultConfigurationName = Release;
		};
		387F2A001B4D15F100DE71B8 /* Build configuration list for PBXNativeTarget "LocationTracker_TestTests" */ = {
			isa = XCConfigurationList;
			buildConfigurations = (
				387F2A011B4D15F100DE71B8 /* Debug */,
				387F2A021B4D15F100DE71B8 /* Release */,
			);
			defaultConfigurationIsVisible = 0;
			defaultConfigurationName = Release;
		};
/* End XCConfigurationList section */
	};
	rootObject = 387F29D21B4D15F100DE71B8 /* Project object */;
}
